
Microsoft Visual Studio Solution File, Format Version 12.00
# Visual Studio 15
VisualStudioVersion = 15.0.28307.852
MinimumVisualStudioVersion = 10.0.40219.1
Project("{FAE04EC0-301F-11D3-BF4B-00C04F79EFBC}") = "TextureAtlas", "TextureAtlas\TextureAtlas.csproj", "{E238667B-9BCC-4804-BFEB-12C5145BCB15}"
EndProject
Global
	GlobalSection(SolutionConfigurationPlatforms) = preSolution
		Debug|Any CPU = Debug|Any CPU
		Release|Any CPU = Release|Any CPU
	EndGlobalSection
	GlobalSection(ProjectConfigurationPlatforms) = postSolution
		{E238667B-9BCC-4804-BFEB-12C5145BCB15}.Debug|Any CPU.ActiveCfg = Debug|Any CPU
		{E238667B-9BCC-4804-BFEB-12C5145BCB15}.Debug|Any CPU.Build.0 = Debug|Any CPU
		{E238667B-9BCC-4804-BFEB-12C5145BCB15}.Release|Any CPU.ActiveCfg = Release|Any CPU
		{E238667B-9BCC-4804-BFEB-12C5145BCB15}.Release|Any CPU.Build.0 = Release|Any CPU
	EndGlobalSection
	GlobalSection(SolutionProperties) = preSolution
		HideSolutionNode = FALSE
	EndGlobalSection
	GlobalSection(ExtensibilityGlobals) = postSolution
		SolutionGuid = {FB0D1BEA-8C99-4897-9F75-BC2CDD22EC9D}
	EndGlobalSection
EndGlobal
